
Microsoft Visual Studio Solution File, Format Version 12.00
# Visual Studio Version 16
VisualStudioVersion = 16.0.30523.141
MinimumVisualStudioVersion = 10.0.40219.1
Project("{FAE04EC0-301F-11D3-BF4B-00C04F79EFBC}") = "FormApp", "FormApp\FormApp.csproj", "{B3AD57DA-C810-422F-B924-3E9387E6A3E5}"
EndProject
Global
	GlobalSection(SolutionConfigurationPlatforms) = preSolution
		Debug|Any CPU = Debug|Any CPU
		Release|Any CPU = Release|Any CPU
	EndGlobalSection
	GlobalSection(ProjectConfigurationPlatforms) = postSolution
		{B3AD57DA-C810-422F-B924-3E9387E6A3E5}.Debug|Any CPU.ActiveCfg = Debug|Any CPU
		{B3AD57DA-C810-422F-B924-3E9387E6A3E5}.Debug|Any CPU.Build.0 = Debug|Any CPU
		{B3AD57DA-C810-422F-B924-3E9387E6A3E5}.Release|Any CPU.ActiveCfg = Release|Any CPU
		{B3AD57DA-C810-422F-B924-3E9387E6A3E5}.Release|Any CPU.Build.0 = Release|Any CPU
	EndGlobalSection
	GlobalSection(SolutionProperties) = preSolution
		HideSolutionNode = FALSE
	EndGlobalSection
	GlobalSection(ExtensibilityGlobals) = postSolution
		SolutionGuid = {CA3B5F0C-E762-4348-AB4C-98B393464E1B}
	EndGlobalSection
EndGlobal
